
Microsoft Visual Studio Solution File, Format Version 12.00
# Visual Studio Version 16
VisualStudioVersion = 16.0.30523.141
MinimumVisualStudioVersion = 10.0.40219.1
Project("{FAE04EC0-301F-11D3-BF4B-00C04F79EFBC}") = "ProductApi", "ProductApi\ProductApi.csproj", "{9B48E1BF-D378-4DD6-A483-82ACEB383005}"
EndProject
Project("{9A19103F-16F7-4668-BE54-9A1E7A4F7556}") = "ZipkinExtensions", "ZipkinExtensions\ZipkinExtensions.csproj", "{96742AC2-1F82-4F20-A267-C6676A9DB990}"
EndProject
Project("{FAE04EC0-301F-11D3-BF4B-00C04F79EFBC}") = "OrderApi", "OrderApi\OrderApi.csproj", "{A9ACB6C7-0F96-4A3D-8F90-C1A5431238AF}"
EndProject
Project("{2150E333-8FDC-42A3-9474-1A3956D46DE8}") = "Solution Items", "Solution Items", "{51AEE145-2417-48F6-8CA4-2EE549B49409}"
	ProjectSection(SolutionItems) = preProject
		docker-compose.yml = docker-compose.yml
		readme.md = readme.md
	EndProjectSection
EndProject
Global
	GlobalSection(SolutionConfigurationPlatforms) = preSolution
		Debug|Any CPU = Debug|Any CPU
		Release|Any CPU = Release|Any CPU
	EndGlobalSection
	GlobalSection(ProjectConfigurationPlatforms) = postSolution
		{9B48E1BF-D378-4DD6-A483-82ACEB383005}.Debug|Any CPU.ActiveCfg = Debug|Any CPU
		{9B48E1BF-D378-4DD6-A483-82ACEB383005}.Debug|Any CPU.Build.0 = Debug|Any CPU
		{9B48E1BF-D378-4DD6-A483-82ACEB383005}.Release|Any CPU.ActiveCfg = Release|Any CPU
		{9B48E1BF-D378-4DD6-A483-82ACEB383005}.Release|Any CPU.Build.0 = Release|Any CPU
		{96742AC2-1F82-4F20-A267-C6676A9DB990}.Debug|Any CPU.ActiveCfg = Debug|Any CPU
		{96742AC2-1F82-4F20-A267-C6676A9DB990}.Debug|Any CPU.Build.0 = Debug|Any CPU
		{96742AC2-1F82-4F20-A267-C6676A9DB990}.Release|Any CPU.ActiveCfg = Release|Any CPU
		{96742AC2-1F82-4F20-A267-C6676A9DB990}.Release|Any CPU.Build.0 = Release|Any CPU
		{A9ACB6C7-0F96-4A3D-8F90-C1A5431238AF}.Debug|Any CPU.ActiveCfg = Debug|Any CPU
		{A9ACB6C7-0F96-4A3D-8F90-C1A5431238AF}.Debug|Any CPU.Build.0 = Debug|Any CPU
		{A9ACB6C7-0F96-4A3D-8F90-C1A5431238AF}.Release|Any CPU.ActiveCfg = Release|Any CPU
		{A9ACB6C7-0F96-4A3D-8F90-C1A5431238AF}.Release|Any CPU.Build.0 = Release|Any CPU
	EndGlobalSection
	GlobalSection(SolutionProperties) = preSolution
		HideSolutionNode = FALSE
	EndGlobalSection
	GlobalSection(ExtensibilityGlobals) = postSolution
		SolutionGuid = {19938F34-F445-4D87-B53F-511E2749BA4B}
	EndGlobalSection
EndGlobal
